
Microsoft Visual Studio Solution File, Format Version 12.00
# Visual Studio Version 16
VisualStudioVersion = 16.0.28803.156
MinimumVisualStudioVersion = 10.0.40219.1
Project("{FAE04EC0-301F-11D3-BF4B-00C04F79EFBC}") = "ImageCryptography", "ImageCryptography\ImageCryptography.csproj", "{CBF04FBA-6B3F-48BB-994C-134AE62D90DB}"
EndProject
Global
	GlobalSection(SolutionConfigurationPlatforms) = preSolution
		Debug|Any CPU = Debug|Any CPU
		Release|Any CPU = Release|Any CPU
	EndGlobalSection
	GlobalSection(ProjectConfigurationPlatforms) = postSolution
		{CBF04FBA-6B3F-48BB-994C-134AE62D90DB}.Debug|Any CPU.ActiveCfg = Debug|Any CPU
		{CBF04FBA-6B3F-48BB-994C-134AE62D90DB}.Debug|Any CPU.Build.0 = Debug|Any CPU
		{CBF04FBA-6B3F-48BB-994C-134AE62D90DB}.Release|Any CPU.ActiveCfg = Release|Any CPU
		{CBF04FBA-6B3F-48BB-994C-134AE62D90DB}.Release|Any CPU.Build.0 = Release|Any CPU
	EndGlobalSection
	GlobalSection(SolutionProperties) = preSolution
		HideSolutionNode = FALSE
	EndGlobalSection
	GlobalSection(ExtensibilityGlobals) = postSolution
		SolutionGuid = {5B0850FB-A424-49FA-ABE5-8016AD1435B9}
	EndGlobalSection
EndGlobal
